
Microsoft Visual Studio Solution File, Format Version 12.00
# Visual Studio 15
VisualStudioVersion = 15.0.28010.2041
MinimumVisualStudioVersion = 10.0.40219.1
Project("{FAE04EC0-301F-11D3-BF4B-00C04F79EFBC}") = "ConquerLeagueServer", "ConquerLeagueServer\ConquerLeagueServer.csproj", "{4E3B7DA4-F875-4933-901D-E6CB3953A0C9}"
EndProject
Global
	GlobalSection(SolutionConfigurationPlatforms) = preSolution
		Debug|Any CPU = Debug|Any CPU
		Release|Any CPU = Release|Any CPU
	EndGlobalSection
	GlobalSection(ProjectConfigurationPlatforms) = postSolution
		{4E3B7DA4-F875-4933-901D-E6CB3953A0C9}.Debug|Any CPU.ActiveCfg = Debug|Any CPU
		{4E3B7DA4-F875-4933-901D-E6CB3953A0C9}.Debug|Any CPU.Build.0 = Debug|Any CPU
		{4E3B7DA4-F875-4933-901D-E6CB3953A0C9}.Release|Any CPU.ActiveCfg = Release|Any CPU
		{4E3B7DA4-F875-4933-901D-E6CB3953A0C9}.Release|Any CPU.Build.0 = Release|Any CPU
	EndGlobalSection
	GlobalSection(SolutionProperties) = preSolution
		HideSolutionNode = FALSE
	EndGlobalSection
	GlobalSection(ExtensibilityGlobals) = postSolution
		SolutionGuid = {26C840A5-84A3-484C-8B72-F0FE4E5823F0}
	EndGlobalSection
EndGlobal
